
Microsoft Visual Studio Solution File, Format Version 12.00
# Visual Studio Version 17
VisualStudioVersion = 17.9.34728.123
MinimumVisualStudioVersion = 10.0.40219.1
Project("{9A19103F-16F7-4668-BE54-9A1E7A4F7556}") = "ConsoleApp.OutputDemo", "ConsoleApp.OutputDemo\ConsoleApp.OutputDemo.csproj", "{F130A4DC-8B60-41F9-914F-73CE00B4B0A1}"
EndProject
Project("{FAE04EC0-301F-11D3-BF4B-00C04F79EFBC}") = "ConsoleApp.VariablesDemo", "ConsoleApp.VariablesDemo\ConsoleApp.VariablesDemo.csproj", "{0F2010C2-F0C3-4161-848D-70906F14B6A6}"
EndProject
Project("{FAE04EC0-301F-11D3-BF4B-00C04F79EFBC}") = "ConsoleApp.UserInputDemo", "ConsoleAppUserInputDemo\ConsoleApp.UserInputDemo.csproj", "{434ACECA-7166-49F4-B47C-A023D6A08719}"
EndProject
Global
	GlobalSection(SolutionConfigurationPlatforms) = preSolution
		Debug|Any CPU = Debug|Any CPU
		Release|Any CPU = Release|Any CPU
	EndGlobalSection
	GlobalSection(ProjectConfigurationPlatforms) = postSolution
		{F130A4DC-8B60-41F9-914F-73CE00B4B0A1}.Debug|Any CPU.ActiveCfg = Debug|Any CPU
		{F130A4DC-8B60-41F9-914F-73CE00B4B0A1}.Debug|Any CPU.Build.0 = Debug|Any CPU
		{F130A4DC-8B60-41F9-914F-73CE00B4B0A1}.Release|Any CPU.ActiveCfg = Release|Any CPU
		{F130A4DC-8B60-41F9-914F-73CE00B4B0A1}.Release|Any CPU.Build.0 = Release|Any CPU
		{0F2010C2-F0C3-4161-848D-70906F14B6A6}.Debug|Any CPU.ActiveCfg = Debug|Any CPU
		{0F2010C2-F0C3-4161-848D-70906F14B6A6}.Debug|Any CPU.Build.0 = Debug|Any CPU
		{0F2010C2-F0C3-4161-848D-70906F14B6A6}.Release|Any CPU.ActiveCfg = Release|Any CPU
		{0F2010C2-F0C3-4161-848D-70906F14B6A6}.Release|Any CPU.Build.0 = Release|Any CPU
		{434ACECA-7166-49F4-B47C-A023D6A08719}.Debug|Any CPU.ActiveCfg = Debug|Any CPU
		{434ACECA-7166-49F4-B47C-A023D6A08719}.Debug|Any CPU.Build.0 = Debug|Any CPU
		{434ACECA-7166-49F4-B47C-A023D6A08719}.Release|Any CPU.ActiveCfg = Release|Any CPU
		{434ACECA-7166-49F4-B47C-A023D6A08719}.Release|Any CPU.Build.0 = Release|Any CPU
	EndGlobalSection
	GlobalSection(SolutionProperties) = preSolution
		HideSolutionNode = FALSE
	EndGlobalSection
	GlobalSection(ExtensibilityGlobals) = postSolution
		SolutionGuid = {D7852B79-A587-4992-8915-AE90AC417882}
	EndGlobalSection
EndGlobal
